
Microsoft Visual Studio Solution File, Format Version 12.00
# Visual Studio Version 17
VisualStudioVersion = 17.8.34330.188
MinimumVisualStudioVersion = 10.0.40219.1
Project("{FAE04EC0-301F-11D3-BF4B-00C04F79EFBC}") = "StatisticsService.API", "StatisticsService.API\StatisticsService.API.csproj", "{E2772DE9-AB2D-4127-909F-09E500B42525}"
EndProject
Project("{FAE04EC0-301F-11D3-BF4B-00C04F79EFBC}") = "EventBus", "EventBus\EventBus.csproj", "{D5D2CFC7-BDAA-4197-9C3B-E646C14AE2CE}"
EndProject
Global
	GlobalSection(SolutionConfigurationPlatforms) = preSolution
		Debug|Any CPU = Debug|Any CPU
		Release|Any CPU = Release|Any CPU
	EndGlobalSection
	GlobalSection(ProjectConfigurationPlatforms) = postSolution
		{E2772DE9-AB2D-4127-909F-09E500B42525}.Debug|Any CPU.ActiveCfg = Debug|Any CPU
		{E2772DE9-AB2D-4127-909F-09E500B42525}.Debug|Any CPU.Build.0 = Debug|Any CPU
		{E2772DE9-AB2D-4127-909F-09E500B42525}.Release|Any CPU.ActiveCfg = Release|Any CPU
		{E2772DE9-AB2D-4127-909F-09E500B42525}.Release|Any CPU.Build.0 = Release|Any CPU
		{D5D2CFC7-BDAA-4197-9C3B-E646C14AE2CE}.Debug|Any CPU.ActiveCfg = Debug|Any CPU
		{D5D2CFC7-BDAA-4197-9C3B-E646C14AE2CE}.Debug|Any CPU.Build.0 = Debug|Any CPU
		{D5D2CFC7-BDAA-4197-9C3B-E646C14AE2CE}.Release|Any CPU.ActiveCfg = Release|Any CPU
		{D5D2CFC7-BDAA-4197-9C3B-E646C14AE2CE}.Release|Any CPU.Build.0 = Release|Any CPU
	EndGlobalSection
	GlobalSection(SolutionProperties) = preSolution
		HideSolutionNode = FALSE
	EndGlobalSection
	GlobalSection(ExtensibilityGlobals) = postSolution
		SolutionGuid = {AD513DD7-065B-4CE1-99AD-E87BCC62D012}
	EndGlobalSection
EndGlobal
