
Microsoft Visual Studio Solution File, Format Version 12.00
# Visual Studio Version 17
VisualStudioVersion = 17.8.34330.188
MinimumVisualStudioVersion = 10.0.40219.1
Project("{9A19103F-16F7-4668-BE54-9A1E7A4F7556}") = "DiscountService.API", "DiscountService.API\DiscountService.API.csproj", "{57069508-9A4A-41FA-AB0F-5837635CCDC1}"
EndProject
Project("{9A19103F-16F7-4668-BE54-9A1E7A4F7556}") = "EventBus", "EventBus\EventBus.csproj", "{53836F5D-9B69-4D9B-A453-ED69D9380DC5}"
EndProject
Global
	GlobalSection(SolutionConfigurationPlatforms) = preSolution
		Debug|Any CPU = Debug|Any CPU
		Release|Any CPU = Release|Any CPU
	EndGlobalSection
	GlobalSection(ProjectConfigurationPlatforms) = postSolution
		{57069508-9A4A-41FA-AB0F-5837635CCDC1}.Debug|Any CPU.ActiveCfg = Debug|Any CPU
		{57069508-9A4A-41FA-AB0F-5837635CCDC1}.Debug|Any CPU.Build.0 = Debug|Any CPU
		{57069508-9A4A-41FA-AB0F-5837635CCDC1}.Release|Any CPU.ActiveCfg = Release|Any CPU
		{57069508-9A4A-41FA-AB0F-5837635CCDC1}.Release|Any CPU.Build.0 = Release|Any CPU
		{53836F5D-9B69-4D9B-A453-ED69D9380DC5}.Debug|Any CPU.ActiveCfg = Debug|Any CPU
		{53836F5D-9B69-4D9B-A453-ED69D9380DC5}.Debug|Any CPU.Build.0 = Debug|Any CPU
		{53836F5D-9B69-4D9B-A453-ED69D9380DC5}.Release|Any CPU.ActiveCfg = Release|Any CPU
		{53836F5D-9B69-4D9B-A453-ED69D9380DC5}.Release|Any CPU.Build.0 = Release|Any CPU
	EndGlobalSection
	GlobalSection(SolutionProperties) = preSolution
		HideSolutionNode = FALSE
	EndGlobalSection
	GlobalSection(ExtensibilityGlobals) = postSolution
		SolutionGuid = {C06435B4-235F-452C-9C06-009328587BAB}
	EndGlobalSection
EndGlobal
