
Microsoft Visual Studio Solution File, Format Version 12.00
# Visual Studio Version 17
VisualStudioVersion = 17.8.34330.188
MinimumVisualStudioVersion = 10.0.40219.1
Project("{9A19103F-16F7-4668-BE54-9A1E7A4F7556}") = "SearchService.API", "SearchService.API\SearchService.API.csproj", "{8F3A0117-26C5-48F7-9C0A-28B7F6B41C84}"
EndProject
Project("{FAE04EC0-301F-11D3-BF4B-00C04F79EFBC}") = "EventBus", "EventBus\EventBus.csproj", "{00E5348D-6889-43E0-9152-CD9CC958D517}"
EndProject
Global
	GlobalSection(SolutionConfigurationPlatforms) = preSolution
		Debug|Any CPU = Debug|Any CPU
		Release|Any CPU = Release|Any CPU
	EndGlobalSection
	GlobalSection(ProjectConfigurationPlatforms) = postSolution
		{8F3A0117-26C5-48F7-9C0A-28B7F6B41C84}.Debug|Any CPU.ActiveCfg = Debug|Any CPU
		{8F3A0117-26C5-48F7-9C0A-28B7F6B41C84}.Debug|Any CPU.Build.0 = Debug|Any CPU
		{8F3A0117-26C5-48F7-9C0A-28B7F6B41C84}.Release|Any CPU.ActiveCfg = Release|Any CPU
		{8F3A0117-26C5-48F7-9C0A-28B7F6B41C84}.Release|Any CPU.Build.0 = Release|Any CPU
		{00E5348D-6889-43E0-9152-CD9CC958D517}.Debug|Any CPU.ActiveCfg = Debug|Any CPU
		{00E5348D-6889-43E0-9152-CD9CC958D517}.Debug|Any CPU.Build.0 = Debug|Any CPU
		{00E5348D-6889-43E0-9152-CD9CC958D517}.Release|Any CPU.ActiveCfg = Release|Any CPU
		{00E5348D-6889-43E0-9152-CD9CC958D517}.Release|Any CPU.Build.0 = Release|Any CPU
	EndGlobalSection
	GlobalSection(SolutionProperties) = preSolution
		HideSolutionNode = FALSE
	EndGlobalSection
	GlobalSection(ExtensibilityGlobals) = postSolution
		SolutionGuid = {5DB2D098-6E01-4A7D-9ACA-DDAA5CA43EFF}
	EndGlobalSection
EndGlobal
